
Microsoft Visual Studio Solution File, Format Version 12.00
# Visual Studio Version 17
VisualStudioVersion = 17.1.32328.378
MinimumVisualStudioVersion = 10.0.40219.1
Project("{FAE04EC0-301F-11D3-BF4B-00C04F79EFBC}") = "2Majasdarbs", "2Majasdarbs\2Majasdarbs.csproj", "{4147806F-4C92-4E21-80AC-A3CC3DD33A95}"
EndProject
Global
	GlobalSection(SolutionConfigurationPlatforms) = preSolution
		Debug|Any CPU = Debug|Any CPU
		Release|Any CPU = Release|Any CPU
	EndGlobalSection
	GlobalSection(ProjectConfigurationPlatforms) = postSolution
		{4147806F-4C92-4E21-80AC-A3CC3DD33A95}.Debug|Any CPU.ActiveCfg = Debug|Any CPU
		{4147806F-4C92-4E21-80AC-A3CC3DD33A95}.Debug|Any CPU.Build.0 = Debug|Any CPU
		{4147806F-4C92-4E21-80AC-A3CC3DD33A95}.Release|Any CPU.ActiveCfg = Release|Any CPU
		{4147806F-4C92-4E21-80AC-A3CC3DD33A95}.Release|Any CPU.Build.0 = Release|Any CPU
	EndGlobalSection
	GlobalSection(SolutionProperties) = preSolution
		HideSolutionNode = FALSE
	EndGlobalSection
	GlobalSection(ExtensibilityGlobals) = postSolution
		SolutionGuid = {2F8DBEEE-B6FD-4E31-B639-6FD03AB58B59}
	EndGlobalSection
EndGlobal
