
Microsoft Visual Studio Solution File, Format Version 12.00
# Visual Studio Version 17
VisualStudioVersion = 17.1.32328.378
MinimumVisualStudioVersion = 10.0.40219.1
Project("{FAE04EC0-301F-11D3-BF4B-00C04F79EFBC}") = "3MajasDarbs", "3MajasDarbs\3MajasDarbs.csproj", "{9E9F8589-936D-449A-9249-7217F80638A5}"
EndProject
Global
	GlobalSection(SolutionConfigurationPlatforms) = preSolution
		Debug|Any CPU = Debug|Any CPU
		Release|Any CPU = Release|Any CPU
	EndGlobalSection
	GlobalSection(ProjectConfigurationPlatforms) = postSolution
		{9E9F8589-936D-449A-9249-7217F80638A5}.Debug|Any CPU.ActiveCfg = Debug|Any CPU
		{9E9F8589-936D-449A-9249-7217F80638A5}.Debug|Any CPU.Build.0 = Debug|Any CPU
		{9E9F8589-936D-449A-9249-7217F80638A5}.Release|Any CPU.ActiveCfg = Release|Any CPU
		{9E9F8589-936D-449A-9249-7217F80638A5}.Release|Any CPU.Build.0 = Release|Any CPU
	EndGlobalSection
	GlobalSection(SolutionProperties) = preSolution
		HideSolutionNode = FALSE
	EndGlobalSection
	GlobalSection(ExtensibilityGlobals) = postSolution
		SolutionGuid = {747562D0-DCB2-42E9-8600-10A5E890FAF5}
	EndGlobalSection
EndGlobal
